{
  "name": "backend",
  "version": "1.0.0",
  "lockfileVersion": 3,
  "requires": true,
  "packages": {
    "": {
      "name": "backend",
      "version": "1.0.0",
      "license": "ISC",
      "dependencies": {
        "dotenv": "^17.4.2",
        "tezz-database": "^0.1.1",
        "tezz-lang": "^0.4.5"
      }
    },
    "node_modules/dotenv": {
      "version": "17.4.2",
      "resolved": "https://registry.npmjs.org/dotenv/-/dotenv-17.4.2.tgz",
      "integrity": "sha512-nI4U3TottKAcAD9LLud4Cb7b2QztQMUEfHbvhTH09bqXTxnSie8WnjPALV/WMCrJZ6UV/qHJ6L03OqO3LcdYZw==",
      "license": "BSD-2-Clause",
      "engines": {
        "node": ">=12"
      },
      "funding": {
        "url": "https://dotenvx.com"
      }
    },
    "node_modules/tezz-database": {
      "version": "0.1.1",
      "resolved": "https://registry.npmjs.org/tezz-database/-/tezz-database-0.1.1.tgz",
      "integrity": "sha512-A7AGRerqR/F0R/TW+b9odwMeyIw7VCV1v+lSDE1ZrZ/icdIaR/HnO3vIHYgkmlFD4f9SYS1saVI1fJ0JrLryJQ==",
      "license": "MIT"
    },
    "node_modules/tezz-lang": {
      "version": "0.4.5",
      "resolved": "https://registry.npmjs.org/tezz-lang/-/tezz-lang-0.4.5.tgz",
      "integrity": "sha512-4h37aHWHFPJ4gMusTVrkIWr8a4dMNmvUhYi17nrvlWcdUw6WM2boAAcEShyUTIIjWY9B9395deOM6kpVAysBqA==",
      "license": "MIT",
      "dependencies": {
        "dotenv": "^17.4.2",
        "tezz-lang": "^0.3.1"
      },
      "bin": {
        "tezz": "bin/tezz.js"
      },
      "engines": {
        "node": ">=18.0.0"
      }
    },
    "node_modules/tezz-lang/node_modules/tezz-lang": {
      "version": "0.3.1",
      "resolved": "https://registry.npmjs.org/tezz-lang/-/tezz-lang-0.3.1.tgz",
      "integrity": "sha512-OlHJrAqenyX2Y1OvcIgncIyQ8WAnuiL6ZCmwauVUBECHkH5wa3yiH03uyWJ/ND2H935YCBxqQQKVdH5IXA1v8w==",
      "license": "MIT",
      "bin": {
        "tezz": "bin/tezz.js"
      },
      "engines": {
        "node": ">=18.0.0"
      }
    }
  }
}
