{
  "name": "backend",
  "version": "1.0.0",
  "lockfileVersion": 3,
  "requires": true,
  "packages": {
    "": {
      "name": "backend",
      "version": "1.0.0",
      "license": "ISC",
      "dependencies": {
        "tezz-database": "file:../packages/tezz-database"
      }
    },
    "../packages/tezz-database": {
      "version": "0.1.0",
      "license": "MIT"
    },
    "node_modules/tezz-database": {
      "resolved": "../packages/tezz-database",
      "link": true
    }
  }
}
